[{<<"action_msgs">>,{ros2,galactic},0},
 {<<"builtin_interfaces">>,{ros2,galactic},1},
 {<<"example_interfaces">>,{ros2,galactic},0},
 {<<"geometry_msgs">>,{ros2,galactic},0},
 {<<"rcpputils">>,{ros2,galactic},1},
 {<<"rcutils">>,{ros2,galactic},1},
 {<<"rmw">>,{ros2,galactic},1},
 {<<"rmw_dds_common">>,{ros2,galactic},0},
 {<<"rosidl_runtime_cpp">>,{ros2,galactic},1},
 {<<"std_msgs">>,{ros2,galactic},0},
 {<<"unique_identifier_msgs">>,{ros2,galactic},1}].
